Microsoft Visual Studio Solution File, Format Version 9.00
# Visual Studio 2005
Project("{8BC9CEB8-8B4A-11D0-8D11-00A0C91BC942}") = "Sdo_Dev", "Sdo_Dev.vcproj", "{0143ED24-9D09-4BE1-A1B5-A5EB9257A020}"
EndProject
Global
	GlobalSection(SolutionConfigurationPlatforms) = preSolution
		Debug|Win32 = Debug|Win32
		Release|Win32 = Release|Win32
	EndGlobalSection
	GlobalSection(ProjectConfigurationPlatforms) = postSolution
		{0143ED24-9D09-4BE1-A1B5-A5EB9257A020}.Debug|Win32.ActiveCfg = Debug|Win32
		{0143ED24-9D09-4BE1-A1B5-A5EB9257A020}.Debug|Win32.Build.0 = Debug|Win32
		{0143ED24-9D09-4BE1-A1B5-A5EB9257A020}.Release|Win32.ActiveCfg = Release|Win32
		{0143ED24-9D09-4BE1-A1B5-A5EB9257A020}.Release|Win32.Build.0 = Release|Win32
	EndGlobalSection
	GlobalSection(SolutionProperties) = preSolution
		HideSolutionNode = FALSE
	EndGlobalSection
EndGlobal
